
Microsoft Visual Studio Solution File, Format Version 12.00
# Visual Studio Version 17
VisualStudioVersion = 17.5.002.0
MinimumVisualStudioVersion = 10.0.40219.1
Project("{9A19103F-16F7-4668-BE54-9A1E7A4F7556}") = "Contribuintes", "Contribuintes.csproj", "{A7C3D3B5-E011-4644-800E-8C955EF5A7D0}"
EndProject
Global
	GlobalSection(SolutionConfigurationPlatforms) = preSolution
		Debug|Any CPU = Debug|Any CPU
		Release|Any CPU = Release|Any CPU
	EndGlobalSection
	GlobalSection(ProjectConfigurationPlatforms) = postSolution
		{A7C3D3B5-E011-4644-800E-8C955EF5A7D0}.Debug|Any CPU.ActiveCfg = Debug|Any CPU
		{A7C3D3B5-E011-4644-800E-8C955EF5A7D0}.Debug|Any CPU.Build.0 = Debug|Any CPU
		{A7C3D3B5-E011-4644-800E-8C955EF5A7D0}.Release|Any CPU.ActiveCfg = Release|Any CPU
		{A7C3D3B5-E011-4644-800E-8C955EF5A7D0}.Release|Any CPU.Build.0 = Release|Any CPU
	EndGlobalSection
	GlobalSection(SolutionProperties) = preSolution
		HideSolutionNode = FALSE
	EndGlobalSection
	GlobalSection(ExtensibilityGlobals) = postSolution
		SolutionGuid = {EAE7D69E-D527-4220-AB39-4C9912D2841C}
	EndGlobalSection
EndGlobal
